
Microsoft Visual Studio Solution File, Format Version 12.00
# Visual Studio 15
VisualStudioVersion = 15.0.26124.0
MinimumVisualStudioVersion = 15.0.26124.0
Project("{2150E333-8FDC-42A3-9474-1A3956D46DE8}") = "Code", "Code", "{AE8DD1EA-F478-4908-B744-B34AACD9327D}"
EndProject
Project("{FAE04EC0-301F-11D3-BF4B-00C04F79EFBC}") = "dotnetmssql.Api", "Code\dotnetmssql.Api\dotnetmssql.Api.csproj", "{881E08FF-279A-4D43-BE03-401C24098475}"
EndProject
Project("{FAE04EC0-301F-11D3-BF4B-00C04F79EFBC}") = "dotnetmssql.Business", "Code\dotnetmssql.Business\dotnetmssql.Business.csproj", "{E0C3911A-BFA2-4305-AE77-2CFD5098C7E6}"
EndProject
Project("{FAE04EC0-301F-11D3-BF4B-00C04F79EFBC}") = "dotnetmssql.Data", "Code\dotnetmssql.Data\dotnetmssql.Data.csproj", "{20FEF0DB-A177-4DA5-A23A-874ED1A4483B}"
EndProject
Project("{FAE04EC0-301F-11D3-BF4B-00C04F79EFBC}") = "dotnetmssql.Entities", "Code\dotnetmssql.Entities\dotnetmssql.Entities.csproj", "{3CFDBC44-BCF0-4793-914D-139BDD3706B4}"
EndProject
Project("{FAE04EC0-301F-11D3-BF4B-00C04F79EFBC}") = "dotnetmssql.Test.Api", "Code\dotnetmssql.Test.Api\dotnetmssql.Test.Api.csproj", "{D1FA54A5-FD5F-487D-8BC0-3EE0B5A26C8C}"
EndProject
Project("{FAE04EC0-301F-11D3-BF4B-00C04F79EFBC}") = "dotnetmssql.Test.Business", "Code\dotnetmssql.Test.Business\dotnetmssql.Test.Business.csproj", "{E48AE04B-DFDA-4363-80E4-547AD9229E99}"
EndProject
Project("{FAE04EC0-301F-11D3-BF4B-00C04F79EFBC}") = "dotnetmssql.Test.Framework", "Code\dotnetmssql.Test.Framework\dotnetmssql.Test.Framework.csproj", "{4491A61E-4576-49AE-AF65-847AD2EB57F1}"
EndProject
Project("{2150E333-8FDC-42A3-9474-1A3956D46DE8}") = "Test", "Test", "{EA9E5501-A5DF-4021-A7FE-A17084EADB53}"
EndProject
Global
	GlobalSection(SolutionConfigurationPlatforms) = preSolution
		Debug|Any CPU = Debug|Any CPU
		Debug|x64 = Debug|x64
		Debug|x86 = Debug|x86
		Release|Any CPU = Release|Any CPU
		Release|x64 = Release|x64
		Release|x86 = Release|x86
	EndGlobalSection
	GlobalSection(SolutionProperties) = preSolution
		HideSolutionNode = FALSE
	EndGlobalSection
	GlobalSection(ProjectConfigurationPlatforms) = postSolution
		{881E08FF-279A-4D43-BE03-401C24098475}.Debug|Any CPU.ActiveCfg = Debug|Any CPU
		{881E08FF-279A-4D43-BE03-401C24098475}.Debug|Any CPU.Build.0 = Debug|Any CPU
		{881E08FF-279A-4D43-BE03-401C24098475}.Debug|x64.ActiveCfg = Debug|Any CPU
		{881E08FF-279A-4D43-BE03-401C24098475}.Debug|x64.Build.0 = Debug|Any CPU
		{881E08FF-279A-4D43-BE03-401C24098475}.Debug|x86.ActiveCfg = Debug|Any CPU
		{881E08FF-279A-4D43-BE03-401C24098475}.Debug|x86.Build.0 = Debug|Any CPU
		{881E08FF-279A-4D43-BE03-401C24098475}.Release|Any CPU.ActiveCfg = Release|Any CPU
		{881E08FF-279A-4D43-BE03-401C24098475}.Release|Any CPU.Build.0 = Release|Any CPU
		{881E08FF-279A-4D43-BE03-401C24098475}.Release|x64.ActiveCfg = Release|Any CPU
		{881E08FF-279A-4D43-BE03-401C24098475}.Release|x64.Build.0 = Release|Any CPU
		{881E08FF-279A-4D43-BE03-401C24098475}.Release|x86.ActiveCfg = Release|Any CPU
		{881E08FF-279A-4D43-BE03-401C24098475}.Release|x86.Build.0 = Release|Any CPU
		{E0C3911A-BFA2-4305-AE77-2CFD5098C7E6}.Debug|Any CPU.ActiveCfg = Debug|Any CPU
		{E0C3911A-BFA2-4305-AE77-2CFD5098C7E6}.Debug|Any CPU.Build.0 = Debug|Any CPU
		{E0C3911A-BFA2-4305-AE77-2CFD5098C7E6}.Debug|x64.ActiveCfg = Debug|Any CPU
		{E0C3911A-BFA2-4305-AE77-2CFD5098C7E6}.Debug|x64.Build.0 = Debug|Any CPU
		{E0C3911A-BFA2-4305-AE77-2CFD5098C7E6}.Debug|x86.ActiveCfg = Debug|Any CPU
		{E0C3911A-BFA2-4305-AE77-2CFD5098C7E6}.Debug|x86.Build.0 = Debug|Any CPU
		{E0C3911A-BFA2-4305-AE77-2CFD5098C7E6}.Release|Any CPU.ActiveCfg = Release|Any CPU
		{E0C3911A-BFA2-4305-AE77-2CFD5098C7E6}.Release|Any CPU.Build.0 = Release|Any CPU
		{E0C3911A-BFA2-4305-AE77-2CFD5098C7E6}.Release|x64.ActiveCfg = Release|Any CPU
		{E0C3911A-BFA2-4305-AE77-2CFD5098C7E6}.Release|x64.Build.0 = Release|Any CPU
		{E0C3911A-BFA2-4305-AE77-2CFD5098C7E6}.Release|x86.ActiveCfg = Release|Any CPU
		{E0C3911A-BFA2-4305-AE77-2CFD5098C7E6}.Release|x86.Build.0 = Release|Any CPU
		{20FEF0DB-A177-4DA5-A23A-874ED1A4483B}.Debug|Any CPU.ActiveCfg = Debug|Any CPU
		{20FEF0DB-A177-4DA5-A23A-874ED1A4483B}.Debug|Any CPU.Build.0 = Debug|Any CPU
		{20FEF0DB-A177-4DA5-A23A-874ED1A4483B}.Debug|x64.ActiveCfg = Debug|Any CPU
		{20FEF0DB-A177-4DA5-A23A-874ED1A4483B}.Debug|x64.Build.0 = Debug|Any CPU
		{20FEF0DB-A177-4DA5-A23A-874ED1A4483B}.Debug|x86.ActiveCfg = Debug|Any CPU
		{20FEF0DB-A177-4DA5-A23A-874ED1A4483B}.Debug|x86.Build.0 = Debug|Any CPU
		{20FEF0DB-A177-4DA5-A23A-874ED1A4483B}.Release|Any CPU.ActiveCfg = Release|Any CPU
		{20FEF0DB-A177-4DA5-A23A-874ED1A4483B}.Release|Any CPU.Build.0 = Release|Any CPU
		{20FEF0DB-A177-4DA5-A23A-874ED1A4483B}.Release|x64.ActiveCfg = Release|Any CPU
		{20FEF0DB-A177-4DA5-A23A-874ED1A4483B}.Release|x64.Build.0 = Release|Any CPU
		{20FEF0DB-A177-4DA5-A23A-874ED1A4483B}.Release|x86.ActiveCfg = Release|Any CPU
		{20FEF0DB-A177-4DA5-A23A-874ED1A4483B}.Release|x86.Build.0 = Release|Any CPU
		{3CFDBC44-BCF0-4793-914D-139BDD3706B4}.Debug|Any CPU.ActiveCfg = Debug|Any CPU
		{3CFDBC44-BCF0-4793-914D-139BDD3706B4}.Debug|Any CPU.Build.0 = Debug|Any CPU
		{3CFDBC44-BCF0-4793-914D-139BDD3706B4}.Debug|x64.ActiveCfg = Debug|Any CPU
		{3CFDBC44-BCF0-4793-914D-139BDD3706B4}.Debug|x64.Build.0 = Debug|Any CPU
		{3CFDBC44-BCF0-4793-914D-139BDD3706B4}.Debug|x86.ActiveCfg = Debug|Any CPU
		{3CFDBC44-BCF0-4793-914D-139BDD3706B4}.Debug|x86.Build.0 = Debug|Any CPU
		{3CFDBC44-BCF0-4793-914D-139BDD3706B4}.Release|Any CPU.ActiveCfg = Release|Any CPU
		{3CFDBC44-BCF0-4793-914D-139BDD3706B4}.Release|Any CPU.Build.0 = Release|Any CPU
		{3CFDBC44-BCF0-4793-914D-139BDD3706B4}.Release|x64.ActiveCfg = Release|Any CPU
		{3CFDBC44-BCF0-4793-914D-139BDD3706B4}.Release|x64.Build.0 = Release|Any CPU
		{3CFDBC44-BCF0-4793-914D-139BDD3706B4}.Release|x86.ActiveCfg = Release|Any CPU
		{3CFDBC44-BCF0-4793-914D-139BDD3706B4}.Release|x86.Build.0 = Release|Any CPU
		{D1FA54A5-FD5F-487D-8BC0-3EE0B5A26C8C}.Debug|Any CPU.ActiveCfg = Debug|Any CPU
		{D1FA54A5-FD5F-487D-8BC0-3EE0B5A26C8C}.Debug|Any CPU.Build.0 = Debug|Any CPU
		{D1FA54A5-FD5F-487D-8BC0-3EE0B5A26C8C}.Debug|x64.ActiveCfg = Debug|Any CPU
		{D1FA54A5-FD5F-487D-8BC0-3EE0B5A26C8C}.Debug|x64.Build.0 = Debug|Any CPU
		{D1FA54A5-FD5F-487D-8BC0-3EE0B5A26C8C}.Debug|x86.ActiveCfg = Debug|Any CPU
		{D1FA54A5-FD5F-487D-8BC0-3EE0B5A26C8C}.Debug|x86.Build.0 = Debug|Any CPU
		{D1FA54A5-FD5F-487D-8BC0-3EE0B5A26C8C}.Release|Any CPU.ActiveCfg = Release|Any CPU
		{D1FA54A5-FD5F-487D-8BC0-3EE0B5A26C8C}.Release|Any CPU.Build.0 = Release|Any CPU
		{D1FA54A5-FD5F-487D-8BC0-3EE0B5A26C8C}.Release|x64.ActiveCfg = Release|Any CPU
		{D1FA54A5-FD5F-487D-8BC0-3EE0B5A26C8C}.Release|x64.Build.0 = Release|Any CPU
		{D1FA54A5-FD5F-487D-8BC0-3EE0B5A26C8C}.Release|x86.ActiveCfg = Release|Any CPU
		{D1FA54A5-FD5F-487D-8BC0-3EE0B5A26C8C}.Release|x86.Build.0 = Release|Any CPU
		{E48AE04B-DFDA-4363-80E4-547AD9229E99}.Debug|Any CPU.ActiveCfg = Debug|Any CPU
		{E48AE04B-DFDA-4363-80E4-547AD9229E99}.Debug|Any CPU.Build.0 = Debug|Any CPU
		{E48AE04B-DFDA-4363-80E4-547AD9229E99}.Debug|x64.ActiveCfg = Debug|Any CPU
		{E48AE04B-DFDA-4363-80E4-547AD9229E99}.Debug|x64.Build.0 = Debug|Any CPU
		{E48AE04B-DFDA-4363-80E4-547AD9229E99}.Debug|x86.ActiveCfg = Debug|Any CPU
		{E48AE04B-DFDA-4363-80E4-547AD9229E99}.Debug|x86.Build.0 = Debug|Any CPU
		{E48AE04B-DFDA-4363-80E4-547AD9229E99}.Release|Any CPU.ActiveCfg = Release|Any CPU
		{E48AE04B-DFDA-4363-80E4-547AD9229E99}.Release|Any CPU.Build.0 = Release|Any CPU
		{E48AE04B-DFDA-4363-80E4-547AD9229E99}.Release|x64.ActiveCfg = Release|Any CPU
		{E48AE04B-DFDA-4363-80E4-547AD9229E99}.Release|x64.Build.0 = Release|Any CPU
		{E48AE04B-DFDA-4363-80E4-547AD9229E99}.Release|x86.ActiveCfg = Release|Any CPU
		{E48AE04B-DFDA-4363-80E4-547AD9229E99}.Release|x86.Build.0 = Release|Any CPU
		{4491A61E-4576-49AE-AF65-847AD2EB57F1}.Debug|Any CPU.ActiveCfg = Debug|Any CPU
		{4491A61E-4576-49AE-AF65-847AD2EB57F1}.Debug|Any CPU.Build.0 = Debug|Any CPU
		{4491A61E-4576-49AE-AF65-847AD2EB57F1}.Debug|x64.ActiveCfg = Debug|Any CPU
		{4491A61E-4576-49AE-AF65-847AD2EB57F1}.Debug|x64.Build.0 = Debug|Any CPU
		{4491A61E-4576-49AE-AF65-847AD2EB57F1}.Debug|x86.ActiveCfg = Debug|Any CPU
		{4491A61E-4576-49AE-AF65-847AD2EB57F1}.Debug|x86.Build.0 = Debug|Any CPU
		{4491A61E-4576-49AE-AF65-847AD2EB57F1}.Release|Any CPU.ActiveCfg = Release|Any CPU
		{4491A61E-4576-49AE-AF65-847AD2EB57F1}.Release|Any CPU.Build.0 = Release|Any CPU
		{4491A61E-4576-49AE-AF65-847AD2EB57F1}.Release|x64.ActiveCfg = Release|Any CPU
		{4491A61E-4576-49AE-AF65-847AD2EB57F1}.Release|x64.Build.0 = Release|Any CPU
		{4491A61E-4576-49AE-AF65-847AD2EB57F1}.Release|x86.ActiveCfg = Release|Any CPU
		{4491A61E-4576-49AE-AF65-847AD2EB57F1}.Release|x86.Build.0 = Release|Any CPU
	EndGlobalSection
	GlobalSection(NestedProjects) = preSolution
		{881E08FF-279A-4D43-BE03-401C24098475} = {AE8DD1EA-F478-4908-B744-B34AACD9327D}
		{E0C3911A-BFA2-4305-AE77-2CFD5098C7E6} = {AE8DD1EA-F478-4908-B744-B34AACD9327D}
		{20FEF0DB-A177-4DA5-A23A-874ED1A4483B} = {AE8DD1EA-F478-4908-B744-B34AACD9327D}
		{3CFDBC44-BCF0-4793-914D-139BDD3706B4} = {AE8DD1EA-F478-4908-B744-B34AACD9327D}
		{D1FA54A5-FD5F-487D-8BC0-3EE0B5A26C8C} = {EA9E5501-A5DF-4021-A7FE-A17084EADB53}
		{E48AE04B-DFDA-4363-80E4-547AD9229E99} = {EA9E5501-A5DF-4021-A7FE-A17084EADB53}
		{4491A61E-4576-49AE-AF65-847AD2EB57F1} = {EA9E5501-A5DF-4021-A7FE-A17084EADB53}
	EndGlobalSection
EndGlobal
